// !$*UTF8*$!
{
	archiveVersion = 1;
	classes = {
	};
	objectVersion = 46;
	objects = {

/* Begin PBXBuildFile section */
		B504E1E01A09446D00049A5B /* User.swift in Sources */ = {isa = PBXBuildFile; fileRef = B504E1DF1A09446D00049A5B /* User.swift */; };
		B504E1E31A098C5500049A5B /* UserViewController.swift in Sources */ = {isa = PBXBuildFile; fileRef = B504E1E21A098C5500049A5B /* UserViewController.swift */; };
		B5173DB519F2726C00B50011 /* AppDelegate.swift in Sources */ = {isa = PBXBuildFile; fileRef = B5173DB419F2726C00B50011 /* AppDelegate.swift */; };
		B5173DB719F2726C00B50011 /* ArtViewController.swift in Sources */ = {isa = PBXBuildFile; fileRef = B5173DB619F2726C00B50011 /* ArtViewController.swift */; };
		B5173DBA19F2726C00B50011 /* Main.storyboard in Resources */ = {isa = PBXBuildFile; fileRef = B5173DB819F2726C00B50011 /* Main.storyboard */; };
		B5173DBC19F2726C00B50011 /* Images.xcassets in Resources */ = {isa = PBXBuildFile; fileRef = B5173DBB19F2726C00B50011 /* Images.xcassets */; };
		B5173DBF19F2726C00B50011 /* LaunchScreen.xib in Resources */ = {isa = PBXBuildFile; fileRef = B5173DBD19F2726C00B50011 /* LaunchScreen.xib */; };
		B5173DCB19F2726C00B50011 /* HexagonPickerTests.swift in Sources */ = {isa = PBXBuildFile; fileRef = B5173DCA19F2726C00B50011 /* HexagonPickerTests.swift */; };
		B5173DD519F2729B00B50011 /* gemeos.jpg in Resources */ = {isa = PBXBuildFile; fileRef = B5173DD419F2729B00B50011 /* gemeos.jpg */; };
		B5173DD719F2765700B50011 /* HexaButton.swift in Sources */ = {isa = PBXBuildFile; fileRef = B5173DD619F2765700B50011 /* HexaButton.swift */; };
		B5173DD919F290CB00B50011 /* user.jpg in Resources */ = {isa = PBXBuildFile; fileRef = B5173DD819F290CB00B50011 /* user.jpg */; };
		B5173DDE19F2B0AD00B50011 /* ann.jpg in Resources */ = {isa = PBXBuildFile; fileRef = B5173DDA19F2B0AD00B50011 /* ann.jpg */; };
		B5173DDF19F2B0AD00B50011 /* gal.jpg in Resources */ = {isa = PBXBuildFile; fileRef = B5173DDB19F2B0AD00B50011 /* gal.jpg */; };
		B5173DE019F2B0AD00B50011 /* rah.jpg in Resources */ = {isa = PBXBuildFile; fileRef = B5173DDC19F2B0AD00B50011 /* rah.jpg */; };
		B5173DE119F2B0AD00B50011 /* ste.jpg in Resources */ = {isa = PBXBuildFile; fileRef = B5173DDD19F2B0AD00B50011 /* ste.jpg */; };
		B5173DE519F2D30600B50011 /* hexagon_100.png in Resources */ = {isa = PBXBuildFile; fileRef = B5173DE419F2D30600B50011 /* hexagon_100.png */; };
		B5173DED19F5147400B50011 /* CoreMotion.framework in Frameworks */ = {isa = PBXBuildFile; fileRef = B5173DEC19F5147400B50011 /* CoreMotion.framework */; };
		B5173DEF19F5790700B50011 /* LoginWebViewController.swift in Sources */ = {isa = PBXBuildFile; fileRef = B5173DEE19F5790700B50011 /* LoginWebViewController.swift */; };
		B51856E419FFBC2F009800CE /* ArtShareMenuView.swift in Sources */ = {isa = PBXBuildFile; fileRef = B51856E319FFBC2F009800CE /* ArtShareMenuView.swift */; };
		B51C979119F907CE00F286C5 /* ArtContentView.swift in Sources */ = {isa = PBXBuildFile; fileRef = B51C979019F907CE00F286C5 /* ArtContentView.swift */; };
		B51C979919F9357500F286C5 /* audio_b.png in Resources */ = {isa = PBXBuildFile; fileRef = B51C979319F9357500F286C5 /* audio_b.png */; };
		B51C979A19F9357500F286C5 /* audio_w.png in Resources */ = {isa = PBXBuildFile; fileRef = B51C979419F9357500F286C5 /* audio_w.png */; };
		B51C979B19F9357500F286C5 /* email_b.png in Resources */ = {isa = PBXBuildFile; fileRef = B51C979519F9357500F286C5 /* email_b.png */; };
		B51C979C19F9357500F286C5 /* email_w.png in Resources */ = {isa = PBXBuildFile; fileRef = B51C979619F9357500F286C5 /* email_w.png */; };
		B51C979D19F9357500F286C5 /* video_b.png in Resources */ = {isa = PBXBuildFile; fileRef = B51C979719F9357500F286C5 /* video_b.png */; };
		B51C979E19F9357500F286C5 /* video_w.png in Resources */ = {isa = PBXBuildFile; fileRef = B51C979819F9357500F286C5 /* video_w.png */; };
		B52898DF19F7A4B6000CC9EF /* GoogleMaps.framework in Frameworks */ = {isa = PBXBuildFile; fileRef = B52898DE19F7A4B6000CC9EF /* GoogleMaps.framework */; };
		B52898E119F7A528000CC9EF /* GoogleMaps.bundle in Resources */ = {isa = PBXBuildFile; fileRef = B52898E019F7A528000CC9EF /* GoogleMaps.bundle */; };
		B52898E319F7A5A7000CC9EF /* AVFoundation.framework in Frameworks */ = {isa = PBXBuildFile; fileRef = B52898E219F7A5A7000CC9EF /* AVFoundation.framework */; };
		B52898E519F7A5B4000CC9EF /* CoreData.framework in Frameworks */ = {isa = PBXBuildFile; fileRef = B52898E419F7A5B4000CC9EF /* CoreData.framework */; };
		B52898E719F7A5C9000CC9EF /* CoreText.framework in Frameworks */ = {isa = PBXBuildFile; fileRef = B52898E619F7A5C9000CC9EF /* CoreText.framework */; };
		B52898E919F7A5D3000CC9EF /* GLKit.framework in Frameworks */ = {isa = PBXBuildFile; fileRef = B52898E819F7A5D3000CC9EF /* GLKit.framework */; };
		B52898EB19F7A5DE000CC9EF /* ImageIO.framework in Frameworks */ = {isa = PBXBuildFile; fileRef = B52898EA19F7A5DE000CC9EF /* ImageIO.framework */; };
		B52898ED19F7A5F3000CC9EF /* libc++.dylib in Frameworks */ = {isa = PBXBuildFile; fileRef = B52898EC19F7A5F3000CC9EF /* libc++.dylib */; };
		B52898EF19F7A603000CC9EF /* libicucore.dylib in Frameworks */ = {isa = PBXBuildFile; fileRef = B52898EE19F7A603000CC9EF /* libicucore.dylib */; };
		B52898F119F7A611000CC9EF /* libz.dylib in Frameworks */ = {isa = PBXBuildFile; fileRef = B52898F019F7A611000CC9EF /* libz.dylib */; };
		B52898F319F7A61B000CC9EF /* OpenGLES.framework in Frameworks */ = {isa = PBXBuildFile; fileRef = B52898F219F7A61B000CC9EF /* OpenGLES.framework */; };
		B52898F519F7A627000CC9EF /* QuartzCore.framework in Frameworks */ = {isa = PBXBuildFile; fileRef = B52898F419F7A627000CC9EF /* QuartzCore.framework */; };
		B52898F719F7A636000CC9EF /* SystemConfiguration.framework in Frameworks */ = {isa = PBXBuildFile; fileRef = B52898F619F7A636000CC9EF /* SystemConfiguration.framework */; };
		B52898FD19F7A85A000CC9EF /* GMapViewController.swift in Sources */ = {isa = PBXBuildFile; fileRef = B52898FC19F7A859000CC9EF /* GMapViewController.swift */; };
		B52898FF19F7B741000CC9EF /* AWSiOSSDKv2.framework in Frameworks */ = {isa = PBXBuildFile; fileRef = B52898FE19F7B741000CC9EF /* AWSiOSSDKv2.framework */; };
		B528990719F7B828000CC9EF /* Bolts.framework in Frameworks */ = {isa = PBXBuildFile; fileRef = B528990019F7B828000CC9EF /* Bolts.framework */; };
		B528990819F7B828000CC9EF /* GZIP.framework in Frameworks */ = {isa = PBXBuildFile; fileRef = B528990119F7B828000CC9EF /* GZIP.framework */; };
		B528990919F7B828000CC9EF /* Mantle.framework in Frameworks */ = {isa = PBXBuildFile; fileRef = B528990219F7B828000CC9EF /* Mantle.framework */; };
		B528990A19F7B828000CC9EF /* Reachability.framework in Frameworks */ = {isa = PBXBuildFile; fileRef = B528990319F7B828000CC9EF /* Reachability.framework */; };
		B528990B19F7B828000CC9EF /* TMCache.framework in Frameworks */ = {isa = PBXBuildFile; fileRef = B528990419F7B828000CC9EF /* TMCache.framework */; };
		B528990C19F7B828000CC9EF /* UICKeyChainStore.framework in Frameworks */ = {isa = PBXBuildFile; fileRef = B528990519F7B828000CC9EF /* UICKeyChainStore.framework */; };
		B528990D19F7B828000CC9EF /* XMLDictionary.framework in Frameworks */ = {isa = PBXBuildFile; fileRef = B528990619F7B828000CC9EF /* XMLDictionary.framework */; };
		B5339BE519F97644003B1C88 /* ArtFeedViewController.swift in Sources */ = {isa = PBXBuildFile; fileRef = B5339BE419F97644003B1C88 /* ArtFeedViewController.swift */; };
		B5339BE919F97963003B1C88 /* Picture4.jpg in Resources */ = {isa = PBXBuildFile; fileRef = B5339BE619F97963003B1C88 /* Picture4.jpg */; };
		B5339BEA19F97963003B1C88 /* Picture5.jpg in Resources */ = {isa = PBXBuildFile; fileRef = B5339BE719F97963003B1C88 /* Picture5.jpg */; };
		B5339BEB19F97963003B1C88 /* Picture6.jpg in Resources */ = {isa = PBXBuildFile; fileRef = B5339BE819F97963003B1C88 /* Picture6.jpg */; };
		B5339BEE19F9AFB9003B1C88 /* map_icon.png in Resources */ = {isa = PBXBuildFile; fileRef = B5339BED19F9AFB9003B1C88 /* map_icon.png */; };
		B5339BF019F9B8A1003B1C88 /* home_icon.png in Resources */ = {isa = PBXBuildFile; fileRef = B5339BEF19F9B8A1003B1C88 /* home_icon.png */; };
		B5339BF419FA66E4003B1C88 /* Art.swift in Sources */ = {isa = PBXBuildFile; fileRef = B5339BF319FA66E4003B1C88 /* Art.swift */; };
		B5339BF619FA6B8F003B1C88 /* GMarker.swift in Sources */ = {isa = PBXBuildFile; fileRef = B5339BF519FA6B8F003B1C88 /* GMarker.swift */; };
		B5425D491A0516A2008B5CA0 /* hexagon_100_r.png in Resources */ = {isa = PBXBuildFile; fileRef = B5425D481A0516A2008B5CA0 /* hexagon_100_r.png */; };
		B5425D4B1A057C29008B5CA0 /* hex_48dp.png in Resources */ = {isa = PBXBuildFile; fileRef = B5425D4A1A057C29008B5CA0 /* hex_48dp.png */; };
		B558EB7719FEA04A00C98904 /* UIImage+ImageEffects.m in Sources */ = {isa = PBXBuildFile; fileRef = B558EB7619FEA04A00C98904 /* UIImage+ImageEffects.m */; };
		B558EB7919FEA49800C98904 /* ArtContentImageView.swift in Sources */ = {isa = PBXBuildFile; fileRef = B558EB7819FEA49800C98904 /* ArtContentImageView.swift */; };
		B565D1DE1A04571A0058860D /* UbertestersSDK.framework in Frameworks */ = {isa = PBXBuildFile; fileRef = B565D1DD1A04571A0058860D /* UbertestersSDK.framework */; };
		B565D1E01A04575B0058860D /* AdSupport.framework in Frameworks */ = {isa = PBXBuildFile; fileRef = B565D1DF1A04575B0058860D /* AdSupport.framework */; };
		B565D1E21A04576F0058860D /* CoreImage.framework in Frameworks */ = {isa = PBXBuildFile; fileRef = B565D1E11A04576F0058860D /* CoreImage.framework */; };
		B565D1E41A04577B0058860D /* CoreTelephony.framework in Frameworks */ = {isa = PBXBuildFile; fileRef = B565D1E31A04577B0058860D /* CoreTelephony.framework */; };
		B57DE42719F5B65700F47A00 /* CoreLocation.framework in Frameworks */ = {isa = PBXBuildFile; fileRef = B57DE42619F5B65700F47A00 /* CoreLocation.framework */; };
		B57DE42E19F5C16600F47A00 /* Picture1.jpg in Resources */ = {isa = PBXBuildFile; fileRef = B57DE42B19F5C16600F47A00 /* Picture1.jpg */; };
		B57DE42F19F5C16600F47A00 /* Picture2.jpg in Resources */ = {isa = PBXBuildFile; fileRef = B57DE42C19F5C16600F47A00 /* Picture2.jpg */; };
		B57DE43019F5C16600F47A00 /* Picture3.jpg in Resources */ = {isa = PBXBuildFile; fileRef = B57DE42D19F5C16600F47A00 /* Picture3.jpg */; };
		B57DE43419F64F5700F47A00 /* annotation.png in Resources */ = {isa = PBXBuildFile; fileRef = B57DE43319F64F5700F47A00 /* annotation.png */; };
		B57E9B461A00654B00BCAA35 /* ArtView.swift in Sources */ = {isa = PBXBuildFile; fileRef = B57E9B451A00654B00BCAA35 /* ArtView.swift */; };
		B57E9B481A026FB500BCAA35 /* ArtistDetailViewController.swift in Sources */ = {isa = PBXBuildFile; fileRef = B57E9B471A026FB500BCAA35 /* ArtistDetailViewController.swift */; };
		B57E9B4A1A02B5B500BCAA35 /* Parse.framework in Frameworks */ = {isa = PBXBuildFile; fileRef = B57E9B491A02B5B500BCAA35 /* Parse.framework */; };
		B57E9B4C1A02B5E900BCAA35 /* AudioToolbox.framework in Frameworks */ = {isa = PBXBuildFile; fileRef = B57E9B4B1A02B5E900BCAA35 /* AudioToolbox.framework */; };
		B57E9B4E1A02B5F500BCAA35 /* CFNetwork.framework in Frameworks */ = {isa = PBXBuildFile; fileRef = B57E9B4D1A02B5F500BCAA35 /* CFNetwork.framework */; };
		B57E9B501A02B60900BCAA35 /* CoreGraphics.framework in Frameworks */ = {isa = PBXBuildFile; fileRef = B57E9B4F1A02B60900BCAA35 /* CoreGraphics.framework */; };
		B57E9B521A02B62F00BCAA35 /* MobileCoreServices.framework in Frameworks */ = {isa = PBXBuildFile; fileRef = B57E9B511A02B62E00BCAA35 /* MobileCoreServices.framework */; };
		B57E9B541A02B64200BCAA35 /* Security.framework in Frameworks */ = {isa = PBXBuildFile; fileRef = B57E9B531A02B64200BCAA35 /* Security.framework */; };
		B57E9B561A02B65000BCAA35 /* StoreKit.framework in Frameworks */ = {isa = PBXBuildFile; fileRef = B57E9B551A02B65000BCAA35 /* StoreKit.framework */; };
		B57E9B581A02BA9700BCAA35 /* Artist.swift in Sources */ = {isa = PBXBuildFile; fileRef = B57E9B571A02BA9700BCAA35 /* Artist.swift */; };
		B5B9119619F9615400A8806C /* Foundation.framework in Frameworks */ = {isa = PBXBuildFile; fileRef = B5B9119519F9615400A8806C /* Foundation.framework */; };
		B5BA1EF31A038BF600C99A99 /* arrowUp_icon.png in Resources */ = {isa = PBXBuildFile; fileRef = B5BA1EF21A038BF500C99A99 /* arrowUp_icon.png */; };
/* End PBXBuildFile section */

/* Begin PBXContainerItemProxy section */
		B5173DC519F2726C00B50011 /* PBXContainerItemProxy */ = {
			isa = PBXContainerItemProxy;
			containerPortal = B5173DA719F2726C00B50011 /* Project object */;
			proxyType = 1;
			remoteGlobalIDString = B5173DAE19F2726C00B50011;
			remoteInfo = HexagonPicker;
		};
/* End PBXContainerItemProxy section */

/* Begin PBXFileReference section */
		B504E1DF1A09446D00049A5B /* User.swift */ = {isa = PBXFileReference; fileEncoding = 4; lastKnownFileType = sourcecode.swift; path = User.swift; sourceTree = "<group>"; };
		B504E1E21A098C5500049A5B /* UserViewController.swift */ = {isa = PBXFileReference; fileEncoding = 4; lastKnownFileType = sourcecode.swift; path = UserViewController.swift; sourceTree = "<group>"; };
		B5173DAF19F2726C00B50011 /* Silkscreen.app */ = {isa = PBXFileReference; explicitFileType = wrapper.application; includeInIndex = 0; path = Silkscreen.app; sourceTree = BUILT_PRODUCTS_DIR; };
		B5173DB319F2726C00B50011 /* Info.plist */ = {isa = PBXFileReference; lastKnownFileType = text.plist.xml; path = Info.plist; sourceTree = "<group>"; };
		B5173DB419F2726C00B50011 /* AppDelegate.swift */ = {isa = PBXFileReference; lastKnownFileType = sourcecode.swift; path = AppDelegate.swift; sourceTree = "<group>"; };
		B5173DB619F2726C00B50011 /* ArtViewController.swift */ = {isa = PBXFileReference; lastKnownFileType = sourcecode.swift; path = ArtViewController.swift; sourceTree = "<group>"; };
		B5173DB919F2726C00B50011 /* Base */ = {isa = PBXFileReference; lastKnownFileType = file.storyboard; name = Base; path = Base.lproj/Main.storyboard; sourceTree = "<group>"; };
		B5173DBB19F2726C00B50011 /* Images.xcassets */ = {isa = PBXFileReference; lastKnownFileType = folder.assetcatalog; path = Images.xcassets; sourceTree = "<group>"; };
		B5173DBE19F2726C00B50011 /* Base */ = {isa = PBXFileReference; lastKnownFileType = file.xib; name = Base; path = Base.lproj/LaunchScreen.xib; sourceTree = "<group>"; };
		B5173DC419F2726C00B50011 /* SilkscreenTests.xctest */ = {isa = PBXFileReference; explicitFileType = wrapper.cfbundle; includeInIndex = 0; path = SilkscreenTests.xctest; sourceTree = BUILT_PRODUCTS_DIR; };
		B5173DC919F2726C00B50011 /* Info.plist */ = {isa = PBXFileReference; lastKnownFileType = text.plist.xml; path = Info.plist; sourceTree = "<group>"; };
		B5173DCA19F2726C00B50011 /* HexagonPickerTests.swift */ = {isa = PBXFileReference; lastKnownFileType = sourcecode.swift; path = HexagonPickerTests.swift; sourceTree = "<group>"; };
		B5173DD419F2729B00B50011 /* gemeos.jpg */ = {isa = PBXFileReference; lastKnownFileType = image.jpeg; path = gemeos.jpg; sourceTree = "<group>"; };
		B5173DD619F2765700B50011 /* HexaButton.swift */ = {isa = PBXFileReference; fileEncoding = 4; lastKnownFileType = sourcecode.swift; path = HexaButton.swift; sourceTree = "<group>"; };
		B5173DD819F290CB00B50011 /* user.jpg */ = {isa = PBXFileReference; lastKnownFileType = image.jpeg; path = user.jpg; sourceTree = "<group>"; };
		B5173DDA19F2B0AD00B50011 /* ann.jpg */ = {isa = PBXFileReference; lastKnownFileType = image.jpeg; path = ann.jpg; sourceTree = "<group>"; };
		B5173DDB19F2B0AD00B50011 /* gal.jpg */ = {isa = PBXFileReference; lastKnownFileType = image.jpeg; path = gal.jpg; sourceTree = "<group>"; };
		B5173DDC19F2B0AD00B50011 /* rah.jpg */ = {isa = PBXFileReference; lastKnownFileType = image.jpeg; path = rah.jpg; sourceTree = "<group>"; };
		B5173DDD19F2B0AD00B50011 /* ste.jpg */ = {isa = PBXFileReference; lastKnownFileType = image.jpeg; path = ste.jpg; sourceTree = "<group>"; };
		B5173DE419F2D30600B50011 /* hexagon_100.png */ = {isa = PBXFileReference; lastKnownFileType = image.png; path = hexagon_100.png; sourceTree = "<group>"; };
		B5173DEC19F5147400B50011 /* CoreMotion.framework */ = {isa = PBXFileReference; lastKnownFileType = wrapper.framework; name = CoreMotion.framework; path = System/Library/Frameworks/CoreMotion.framework; sourceTree = SDKROOT; };
		B5173DEE19F5790700B50011 /* LoginWebViewController.swift */ = {isa = PBXFileReference; fileEncoding = 4; lastKnownFileType = sourcecode.swift; path = LoginWebViewController.swift; sourceTree = "<group>"; };
		B51856E319FFBC2F009800CE /* ArtShareMenuView.swift */ = {isa = PBXFileReference; fileEncoding = 4; lastKnownFileType = sourcecode.swift; path = ArtShareMenuView.swift; sourceTree = "<group>"; };
		B51C979019F907CE00F286C5 /* ArtContentView.swift */ = {isa = PBXFileReference; fileEncoding = 4; lastKnownFileType = sourcecode.swift; path = ArtContentView.swift; sourceTree = "<group>"; };
		B51C979319F9357500F286C5 /* audio_b.png */ = {isa = PBXFileReference; lastKnownFileType = image.png; path = audio_b.png; sourceTree = "<group>"; };
		B51C979419F9357500F286C5 /* audio_w.png */ = {isa = PBXFileReference; lastKnownFileType = image.png; path = audio_w.png; sourceTree = "<group>"; };
		B51C979519F9357500F286C5 /* email_b.png */ = {isa = PBXFileReference; lastKnownFileType = image.png; path = email_b.png; sourceTree = "<group>"; };
		B51C979619F9357500F286C5 /* email_w.png */ = {isa = PBXFileReference; lastKnownFileType = image.png; path = email_w.png; sourceTree = "<group>"; };
		B51C979719F9357500F286C5 /* video_b.png */ = {isa = PBXFileReference; lastKnownFileType = image.png; path = video_b.png; sourceTree = "<group>"; };
		B51C979819F9357500F286C5 /* video_w.png */ = {isa = PBXFileReference; lastKnownFileType = image.png; path = video_w.png; sourceTree = "<group>"; };
		B52898DE19F7A4B6000CC9EF /* GoogleMaps.framework */ = {isa = PBXFileReference; lastKnownFileType = wrapper.framework; path = GoogleMaps.framework; sourceTree = "<group>"; };
		B52898E019F7A528000CC9EF /* GoogleMaps.bundle */ = {isa = PBXFileReference; lastKnownFileType = "wrapper.plug-in"; name = GoogleMaps.bundle; path = GoogleMaps.framework/Versions/A/Resources/GoogleMaps.bundle; sourceTree = "<group>"; };
		B52898E219F7A5A7000CC9EF /* AVFoundation.framework */ = {isa = PBXFileReference; lastKnownFileType = wrapper.framework; name = AVFoundation.framework; path = System/Library/Frameworks/AVFoundation.framework; sourceTree = SDKROOT; };
		B52898E419F7A5B4000CC9EF /* CoreData.framework */ = {isa = PBXFileReference; lastKnownFileType = wrapper.framework; name = CoreData.framework; path = System/Library/Frameworks/CoreData.framework; sourceTree = SDKROOT; };
		B52898E619F7A5C9000CC9EF /* CoreText.framework */ = {isa = PBXFileReference; lastKnownFileType = wrapper.framework; name = CoreText.framework; path = System/Library/Frameworks/CoreText.framework; sourceTree = SDKROOT; };
		B52898E819F7A5D3000CC9EF /* GLKit.framework */ = {isa = PBXFileReference; lastKnownFileType = wrapper.framework; name = GLKit.framework; path = System/Library/Frameworks/GLKit.framework; sourceTree = SDKROOT; };
		B52898EA19F7A5DE000CC9EF /* ImageIO.framework */ = {isa = PBXFileReference; lastKnownFileType = wrapper.framework; name = ImageIO.framework; path = System/Library/Frameworks/ImageIO.framework; sourceTree = SDKROOT; };
		B52898EC19F7A5F3000CC9EF /* libc++.dylib */ = {isa = PBXFileReference; lastKnownFileType = "compiled.mach-o.dylib"; name = "libc++.dylib"; path = "usr/lib/libc++.dylib"; sourceTree = SDKROOT; };
		B52898EE19F7A603000CC9EF /* libicucore.dylib */ = {isa = PBXFileReference; lastKnownFileType = "compiled.mach-o.dylib"; name = libicucore.dylib; path = usr/lib/libicucore.dylib; sourceTree = SDKROOT; };
		B52898F019F7A611000CC9EF /* libz.dylib */ = {isa = PBXFileReference; lastKnownFileType = "compiled.mach-o.dylib"; name = libz.dylib; path = usr/lib/libz.dylib; sourceTree = SDKROOT; };
		B52898F219F7A61B000CC9EF /* OpenGLES.framework */ = {isa = PBXFileReference; lastKnownFileType = wrapper.framework; name = OpenGLES.framework; path = System/Library/Frameworks/OpenGLES.framework; sourceTree = SDKROOT; };
		B52898F419F7A627000CC9EF /* QuartzCore.framework */ = {isa = PBXFileReference; lastKnownFileType = wrapper.framework; name = QuartzCore.framework; path = System/Library/Frameworks/QuartzCore.framework; sourceTree = SDKROOT; };
		B52898F619F7A636000CC9EF /* SystemConfiguration.framework */ = {isa = PBXFileReference; lastKnownFileType = wrapper.framework; name = SystemConfiguration.framework; path = System/Library/Frameworks/SystemConfiguration.framework; sourceTree = SDKROOT; };
		B52898F819F7A75C000CC9EF /* HexagonPicker-Bridging-Header.h */ = {isa = PBXFileReference; lastKnownFileType = sourcecode.c.h; path = "HexagonPicker-Bridging-Header.h"; sourceTree = SOURCE_ROOT; };
		B52898FC19F7A859000CC9EF /* GMapViewController.swift */ = {isa = PBXFileReference; fileEncoding = 4; lastKnownFileType = sourcecode.swift; path = GMapViewController.swift; sourceTree = "<group>"; };
		B52898FE19F7B741000CC9EF /* AWSiOSSDKv2.framework */ = {isa = PBXFileReference; lastKnownFileType = wrapper.framework; path = AWSiOSSDKv2.framework; sourceTree = "<group>"; };
		B528990019F7B828000CC9EF /* Bolts.framework */ = {isa = PBXFileReference; lastKnownFileType = wrapper.framework; path = Bolts.framework; sourceTree = "<group>"; };
		B528990119F7B828000CC9EF /* GZIP.framework */ = {isa = PBXFileReference; lastKnownFileType = wrapper.framework; path = GZIP.framework; sourceTree = "<group>"; };
		B528990219F7B828000CC9EF /* Mantle.framework */ = {isa = PBXFileReference; lastKnownFileType = wrapper.framework; path = Mantle.framework; sourceTree = "<group>"; };
		B528990319F7B828000CC9EF /* Reachability.framework */ = {isa = PBXFileReference; lastKnownFileType = wrapper.framework; path = Reachability.framework; sourceTree = "<group>"; };
		B528990419F7B828000CC9EF /* TMCache.framework */ = {isa = PBXFileReference; lastKnownFileType = wrapper.framework; path = TMCache.framework; sourceTree = "<group>"; };
		B528990519F7B828000CC9EF /* UICKeyChainStore.framework */ = {isa = PBXFileReference; lastKnownFileType = wrapper.framework; path = UICKeyChainStore.framework; sourceTree = "<group>"; };
		B528990619F7B828000CC9EF /* XMLDictionary.framework */ = {isa = PBXFileReference; lastKnownFileType = wrapper.framework; path = XMLDictionary.framework; sourceTree = "<group>"; };
		B5339BE419F97644003B1C88 /* ArtFeedViewController.swift */ = {isa = PBXFileReference; fileEncoding = 4; lastKnownFileType = sourcecode.swift; path = ArtFeedViewController.swift; sourceTree = "<group>"; };
		B5339BE619F97963003B1C88 /* Picture4.jpg */ = {isa = PBXFileReference; lastKnownFileType = image.jpeg; name = Picture4.jpg; path = ../../../../HexagonPicker/iOS/HexagonPicker/HexagonPicker/Resources/Picture4.jpg; sourceTree = "<group>"; };
		B5339BE719F97963003B1C88 /* Picture5.jpg */ = {isa = PBXFileReference; lastKnownFileType = image.jpeg; name = Picture5.jpg; path = ../../../../HexagonPicker/iOS/HexagonPicker/HexagonPicker/Resources/Picture5.jpg; sourceTree = "<group>"; };
		B5339BE819F97963003B1C88 /* Picture6.jpg */ = {isa = PBXFileReference; lastKnownFileType = image.jpeg; name = Picture6.jpg; path = ../../../../HexagonPicker/iOS/HexagonPicker/HexagonPicker/Resources/Picture6.jpg; sourceTree = "<group>"; };
		B5339BED19F9AFB9003B1C88 /* map_icon.png */ = {isa = PBXFileReference; lastKnownFileType = image.png; path = map_icon.png; sourceTree = "<group>"; };
		B5339BEF19F9B8A1003B1C88 /* home_icon.png */ = {isa = PBXFileReference; lastKnownFileType = image.png; path = home_icon.png; sourceTree = "<group>"; };
		B5339BF319FA66E4003B1C88 /* Art.swift */ = {isa = PBXFileReference; fileEncoding = 4; lastKnownFileType = sourcecode.swift; path = Art.swift; sourceTree = "<group>"; };
		B5339BF519FA6B8F003B1C88 /* GMarker.swift */ = {isa = PBXFileReference; fileEncoding = 4; lastKnownFileType = sourcecode.swift; path = GMarker.swift; sourceTree = "<group>"; };
		B5425D481A0516A2008B5CA0 /* hexagon_100_r.png */ = {isa = PBXFileReference; lastKnownFileType = image.png; path = hexagon_100_r.png; sourceTree = "<group>"; };
		B5425D4A1A057C29008B5CA0 /* hex_48dp.png */ = {isa = PBXFileReference; lastKnownFileType = image.png; path = hex_48dp.png; sourceTree = "<group>"; };
		B558EB7519FEA04A00C98904 /* UIImage+ImageEffects.h */ = {isa = PBXFileReference; fileEncoding = 4; lastKnownFileType = sourcecode.c.h; path = "UIImage+ImageEffects.h"; sourceTree = "<group>"; };
		B558EB7619FEA04A00C98904 /* UIImage+ImageEffects.m */ = {isa = PBXFileReference; fileEncoding = 4; lastKnownFileType = sourcecode.c.objc; path = "UIImage+ImageEffects.m"; sourceTree = "<group>"; };
		B558EB7819FEA49800C98904 /* ArtContentImageView.swift */ = {isa = PBXFileReference; fileEncoding = 4; lastKnownFileType = sourcecode.swift; path = ArtContentImageView.swift; sourceTree = "<group>"; };
		B565D1DD1A04571A0058860D /* UbertestersSDK.framework */ = {isa = PBXFileReference; lastKnownFileType = wrapper.framework; path = UbertestersSDK.framework; sourceTree = "<group>"; };
		B565D1DF1A04575B0058860D /* AdSupport.framework */ = {isa = PBXFileReference; lastKnownFileType = wrapper.framework; name = AdSupport.framework; path = System/Library/Frameworks/AdSupport.framework; sourceTree = SDKROOT; };
		B565D1E11A04576F0058860D /* CoreImage.framework */ = {isa = PBXFileReference; lastKnownFileType = wrapper.framework; name = CoreImage.framework; path = System/Library/Frameworks/CoreImage.framework; sourceTree = SDKROOT; };
		B565D1E31A04577B0058860D /* CoreTelephony.framework */ = {isa = PBXFileReference; lastKnownFileType = wrapper.framework; name = CoreTelephony.framework; path = System/Library/Frameworks/CoreTelephony.framework; sourceTree = SDKROOT; };
		B57DE42619F5B65700F47A00 /* CoreLocation.framework */ = {isa = PBXFileReference; lastKnownFileType = wrapper.framework; name = CoreLocation.framework; path = System/Library/Frameworks/CoreLocation.framework; sourceTree = SDKROOT; };
		B57DE42B19F5C16600F47A00 /* Picture1.jpg */ = {isa = PBXFileReference; lastKnownFileType = image.jpeg; path = Picture1.jpg; sourceTree = "<group>"; };
		B57DE42C19F5C16600F47A00 /* Picture2.jpg */ = {isa = PBXFileReference; lastKnownFileType = image.jpeg; path = Picture2.jpg; sourceTree = "<group>"; };
		B57DE42D19F5C16600F47A00 /* Picture3.jpg */ = {isa = PBXFileReference; lastKnownFileType = image.jpeg; path = Picture3.jpg; sourceTree = "<group>"; };
		B57DE43319F64F5700F47A00 /* annotation.png */ = {isa = PBXFileReference; lastKnownFileType = image.png; path = annotation.png; sourceTree = "<group>"; };
		B57E9B451A00654B00BCAA35 /* ArtView.swift */ = {isa = PBXFileReference; fileEncoding = 4; lastKnownFileType = sourcecode.swift; path = ArtView.swift; sourceTree = "<group>"; };
		B57E9B471A026FB500BCAA35 /* ArtistDetailViewController.swift */ = {isa = PBXFileReference; fileEncoding = 4; lastKnownFileType = sourcecode.swift; path = ArtistDetailViewController.swift; sourceTree = "<group>"; };
		B57E9B491A02B5B500BCAA35 /* Parse.framework */ = {isa = PBXFileReference; lastKnownFileType = wrapper.framework; path = Parse.framework; sourceTree = "<group>"; };
		B57E9B4B1A02B5E900BCAA35 /* AudioToolbox.framework */ = {isa = PBXFileReference; lastKnownFileType = wrapper.framework; name = AudioToolbox.framework; path = System/Library/Frameworks/AudioToolbox.framework; sourceTree = SDKROOT; };
		B57E9B4D1A02B5F500BCAA35 /* CFNetwork.framework */ = {isa = PBXFileReference; lastKnownFileType = wrapper.framework; name = CFNetwork.framework; path = System/Library/Frameworks/CFNetwork.framework; sourceTree = SDKROOT; };
		B57E9B4F1A02B60900BCAA35 /* CoreGraphics.framework */ = {isa = PBXFileReference; lastKnownFileType = wrapper.framework; name = CoreGraphics.framework; path = System/Library/Frameworks/CoreGraphics.framework; sourceTree = SDKROOT; };
		B57E9B511A02B62E00BCAA35 /* MobileCoreServices.framework */ = {isa = PBXFileReference; lastKnownFileType = wrapper.framework; name = MobileCoreServices.framework; path = System/Library/Frameworks/MobileCoreServices.framework; sourceTree = SDKROOT; };
		B57E9B531A02B64200BCAA35 /* Security.framework */ = {isa = PBXFileReference; lastKnownFileType = wrapper.framework; name = Security.framework; path = System/Library/Frameworks/Security.framework; sourceTree = SDKROOT; };
		B57E9B551A02B65000BCAA35 /* StoreKit.framework */ = {isa = PBXFileReference; lastKnownFileType = wrapper.framework; name = StoreKit.framework; path = System/Library/Frameworks/StoreKit.framework; sourceTree = SDKROOT; };
		B57E9B571A02BA9700BCAA35 /* Artist.swift */ = {isa = PBXFileReference; fileEncoding = 4; lastKnownFileType = sourcecode.swift; path = Artist.swift; sourceTree = "<group>"; };
		B5B9119519F9615400A8806C /* Foundation.framework */ = {isa = PBXFileReference; lastKnownFileType = wrapper.framework; name = Foundation.framework; path = System/Library/Frameworks/Foundation.framework; sourceTree = SDKROOT; };
		B5BA1EF21A038BF500C99A99 /* arrowUp_icon.png */ = {isa = PBXFileReference; lastKnownFileType = image.png; path = arrowUp_icon.png; sourceTree = "<group>"; };
/* End PBXFileReference section */

/* Begin PBXFrameworksBuildPhase section */
		B5173DAC19F2726C00B50011 /* Frameworks */ = {
			isa = PBXFrameworksBuildPhase;
			buildActionMask = 2147483647;
			files = (
				B52898F319F7A61B000CC9EF /* OpenGLES.framework in Frameworks */,
				B565D1E41A04577B0058860D /* CoreTelephony.framework in Frameworks */,
				B565D1E21A04576F0058860D /* CoreImage.framework in Frameworks */,
				B565D1E01A04575B0058860D /* AdSupport.framework in Frameworks */,
				B57E9B561A02B65000BCAA35 /* StoreKit.framework in Frameworks */,
				B565D1DE1A04571A0058860D /* UbertestersSDK.framework in Frameworks */,
				B57E9B541A02B64200BCAA35 /* Security.framework in Frameworks */,
				B57E9B521A02B62F00BCAA35 /* MobileCoreServices.framework in Frameworks */,
				B57DE42719F5B65700F47A00 /* CoreLocation.framework in Frameworks */,
				B57E9B501A02B60900BCAA35 /* CoreGraphics.framework in Frameworks */,
				B57E9B4E1A02B5F500BCAA35 /* CFNetwork.framework in Frameworks */,
				B57E9B4C1A02B5E900BCAA35 /* AudioToolbox.framework in Frameworks */,
				B5B9119619F9615400A8806C /* Foundation.framework in Frameworks */,
				B52898F719F7A636000CC9EF /* SystemConfiguration.framework in Frameworks */,
				B52898F519F7A627000CC9EF /* QuartzCore.framework in Frameworks */,
				B528990C19F7B828000CC9EF /* UICKeyChainStore.framework in Frameworks */,
				B52898F119F7A611000CC9EF /* libz.dylib in Frameworks */,
				B52898EF19F7A603000CC9EF /* libicucore.dylib in Frameworks */,
				B528990919F7B828000CC9EF /* Mantle.framework in Frameworks */,
				B52898ED19F7A5F3000CC9EF /* libc++.dylib in Frameworks */,
				B52898EB19F7A5DE000CC9EF /* ImageIO.framework in Frameworks */,
				B528990819F7B828000CC9EF /* GZIP.framework in Frameworks */,
				B52898E919F7A5D3000CC9EF /* GLKit.framework in Frameworks */,
				B52898E719F7A5C9000CC9EF /* CoreText.framework in Frameworks */,
				B52898E519F7A5B4000CC9EF /* CoreData.framework in Frameworks */,
				B52898E319F7A5A7000CC9EF /* AVFoundation.framework in Frameworks */,
				B528990B19F7B828000CC9EF /* TMCache.framework in Frameworks */,
				B528990A19F7B828000CC9EF /* Reachability.framework in Frameworks */,
				B52898DF19F7A4B6000CC9EF /* GoogleMaps.framework in Frameworks */,
				B5173DED19F5147400B50011 /* CoreMotion.framework in Frameworks */,
				B52898FF19F7B741000CC9EF /* AWSiOSSDKv2.framework in Frameworks */,
				B528990D19F7B828000CC9EF /* XMLDictionary.framework in Frameworks */,
				B57E9B4A1A02B5B500BCAA35 /* Parse.framework in Frameworks */,
				B528990719F7B828000CC9EF /* Bolts.framework in Frameworks */,
			);
			runOnlyForDeploymentPostprocessing = 0;
		};
		B5173DC119F2726C00B50011 /* Frameworks */ = {
			isa = PBXFrameworksBuildPhase;
			buildActionMask = 2147483647;
			files = (
			);
			runOnlyForDeploymentPostprocessing = 0;
		};
/* End PBXFrameworksBuildPhase section */

/* Begin PBXGroup section */
		B5173DA619F2726C00B50011 = {
			isa = PBXGroup;
			children = (
				B5173DB119F2726C00B50011 /* HexagonPicker */,
				B57DE42519F5B61A00F47A00 /* Frameworks */,
				B5173DC719F2726C00B50011 /* HexagonPickerTests */,
				B5173DB019F2726C00B50011 /* Products */,
			);
			sourceTree = "<group>";
		};
		B5173DB019F2726C00B50011 /* Products */ = {
			isa = PBXGroup;
			children = (
				B5173DAF19F2726C00B50011 /* Silkscreen.app */,
				B5173DC419F2726C00B50011 /* SilkscreenTests.xctest */,
			);
			name = Products;
			sourceTree = "<group>";
		};
		B5173DB119F2726C00B50011 /* HexagonPicker */ = {
			isa = PBXGroup;
			children = (
				B57DE42A19F5C16600F47A00 /* Resources */,
				B5173DB419F2726C00B50011 /* AppDelegate.swift */,
				B5173DB819F2726C00B50011 /* Main.storyboard */,
				B5173DBB19F2726C00B50011 /* Images.xcassets */,
				B5173DBD19F2726C00B50011 /* LaunchScreen.xib */,
				B5173DB219F2726C00B50011 /* Supporting Files */,
				B5339BF319FA66E4003B1C88 /* Art.swift */,
				B57E9B571A02BA9700BCAA35 /* Artist.swift */,
				B57E9B471A026FB500BCAA35 /* ArtistDetailViewController.swift */,
				B57E9B451A00654B00BCAA35 /* ArtView.swift */,
				B5339BE419F97644003B1C88 /* ArtFeedViewController.swift */,
				B5173DB619F2726C00B50011 /* ArtViewController.swift */,
				B51C979019F907CE00F286C5 /* ArtContentView.swift */,
				B558EB7819FEA49800C98904 /* ArtContentImageView.swift */,
				B51856E319FFBC2F009800CE /* ArtShareMenuView.swift */,
				B5173DD619F2765700B50011 /* HexaButton.swift */,
				B5173DEE19F5790700B50011 /* LoginWebViewController.swift */,
				B504E1DF1A09446D00049A5B /* User.swift */,
				B504E1E21A098C5500049A5B /* UserViewController.swift */,
				B52898FC19F7A859000CC9EF /* GMapViewController.swift */,
				B5339BF519FA6B8F003B1C88 /* GMarker.swift */,
				B52898F819F7A75C000CC9EF /* HexagonPicker-Bridging-Header.h */,
				B558EB7519FEA04A00C98904 /* UIImage+ImageEffects.h */,
				B558EB7619FEA04A00C98904 /* UIImage+ImageEffects.m */,
			);
			path = HexagonPicker;
			sourceTree = "<group>";
		};
		B5173DB219F2726C00B50011 /* Supporting Files */ = {
			isa = PBXGroup;
			children = (
				B5425D481A0516A2008B5CA0 /* hexagon_100_r.png */,
				B5173DE419F2D30600B50011 /* hexagon_100.png */,
				B5173DDA19F2B0AD00B50011 /* ann.jpg */,
				B5173DDB19F2B0AD00B50011 /* gal.jpg */,
				B5173DDC19F2B0AD00B50011 /* rah.jpg */,
				B5173DDD19F2B0AD00B50011 /* ste.jpg */,
				B5173DD819F290CB00B50011 /* user.jpg */,
				B5173DD419F2729B00B50011 /* gemeos.jpg */,
				B5173DB319F2726C00B50011 /* Info.plist */,
			);
			name = "Supporting Files";
			sourceTree = "<group>";
		};
		B5173DC719F2726C00B50011 /* HexagonPickerTests */ = {
			isa = PBXGroup;
			children = (
				B5173DCA19F2726C00B50011 /* HexagonPickerTests.swift */,
				B5173DC819F2726C00B50011 /* Supporting Files */,
			);
			path = HexagonPickerTests;
			sourceTree = "<group>";
		};
		B5173DC819F2726C00B50011 /* Supporting Files */ = {
			isa = PBXGroup;
			children = (
				B5173DC919F2726C00B50011 /* Info.plist */,
			);
			name = "Supporting Files";
			sourceTree = "<group>";
		};
		B51C979219F9357500F286C5 /* ArtContentIcons */ = {
			isa = PBXGroup;
			children = (
				B51C979319F9357500F286C5 /* audio_b.png */,
				B51C979419F9357500F286C5 /* audio_w.png */,
				B51C979519F9357500F286C5 /* email_b.png */,
				B51C979619F9357500F286C5 /* email_w.png */,
				B51C979719F9357500F286C5 /* video_b.png */,
				B51C979819F9357500F286C5 /* video_w.png */,
			);
			path = ArtContentIcons;
			sourceTree = "<group>";
		};
		B5339BEC19F9AFB9003B1C88 /* ArtFeed */ = {
			isa = PBXGroup;
			children = (
				B5425D4A1A057C29008B5CA0 /* hex_48dp.png */,
				B5BA1EF21A038BF500C99A99 /* arrowUp_icon.png */,
				B5339BED19F9AFB9003B1C88 /* map_icon.png */,
			);
			name = ArtFeed;
			path = ../../../../HexagonPicker/iOS/HexagonPicker/HexagonPicker/Resources/ArtFeed;
			sourceTree = "<group>";
		};
		B57DE42519F5B61A00F47A00 /* Frameworks */ = {
			isa = PBXGroup;
			children = (
				B565D1E31A04577B0058860D /* CoreTelephony.framework */,
				B565D1E11A04576F0058860D /* CoreImage.framework */,
				B565D1DF1A04575B0058860D /* AdSupport.framework */,
				B565D1DD1A04571A0058860D /* UbertestersSDK.framework */,
				B57E9B551A02B65000BCAA35 /* StoreKit.framework */,
				B57E9B531A02B64200BCAA35 /* Security.framework */,
				B57E9B511A02B62E00BCAA35 /* MobileCoreServices.framework */,
				B57E9B4F1A02B60900BCAA35 /* CoreGraphics.framework */,
				B57E9B4D1A02B5F500BCAA35 /* CFNetwork.framework */,
				B57E9B4B1A02B5E900BCAA35 /* AudioToolbox.framework */,
				B57E9B491A02B5B500BCAA35 /* Parse.framework */,
				B5B9119519F9615400A8806C /* Foundation.framework */,
				B528990019F7B828000CC9EF /* Bolts.framework */,
				B528990119F7B828000CC9EF /* GZIP.framework */,
				B528990219F7B828000CC9EF /* Mantle.framework */,
				B528990319F7B828000CC9EF /* Reachability.framework */,
				B528990419F7B828000CC9EF /* TMCache.framework */,
				B528990519F7B828000CC9EF /* UICKeyChainStore.framework */,
				B528990619F7B828000CC9EF /* XMLDictionary.framework */,
				B52898FE19F7B741000CC9EF /* AWSiOSSDKv2.framework */,
				B52898F619F7A636000CC9EF /* SystemConfiguration.framework */,
				B52898F419F7A627000CC9EF /* QuartzCore.framework */,
				B52898F219F7A61B000CC9EF /* OpenGLES.framework */,
				B52898F019F7A611000CC9EF /* libz.dylib */,
				B52898EE19F7A603000CC9EF /* libicucore.dylib */,
				B52898EC19F7A5F3000CC9EF /* libc++.dylib */,
				B52898EA19F7A5DE000CC9EF /* ImageIO.framework */,
				B52898E819F7A5D3000CC9EF /* GLKit.framework */,
				B52898E619F7A5C9000CC9EF /* CoreText.framework */,
				B52898E419F7A5B4000CC9EF /* CoreData.framework */,
				B52898E219F7A5A7000CC9EF /* AVFoundation.framework */,
				B52898E019F7A528000CC9EF /* GoogleMaps.bundle */,
				B52898DE19F7A4B6000CC9EF /* GoogleMaps.framework */,
				B57DE42619F5B65700F47A00 /* CoreLocation.framework */,
				B5173DEC19F5147400B50011 /* CoreMotion.framework */,
			);
			name = Frameworks;
			sourceTree = "<group>";
		};
		B57DE42A19F5C16600F47A00 /* Resources */ = {
			isa = PBXGroup;
			children = (
				B5339BEF19F9B8A1003B1C88 /* home_icon.png */,
				B5339BEC19F9AFB9003B1C88 /* ArtFeed */,
				B51C979219F9357500F286C5 /* ArtContentIcons */,
				B57DE43319F64F5700F47A00 /* annotation.png */,
				B57DE42B19F5C16600F47A00 /* Picture1.jpg */,
				B57DE42C19F5C16600F47A00 /* Picture2.jpg */,
				B57DE42D19F5C16600F47A00 /* Picture3.jpg */,
				B5339BE619F97963003B1C88 /* Picture4.jpg */,
				B5339BE719F97963003B1C88 /* Picture5.jpg */,
				B5339BE819F97963003B1C88 /* Picture6.jpg */,
			);
			path = Resources;
			sourceTree = "<group>";
		};
/* End PBXGroup section */

/* Begin PBXNativeTarget section */
		B5173DAE19F2726C00B50011 /* Silkscreen */ = {
			isa = PBXNativeTarget;
			buildConfigurationList = B5173DCE19F2726C00B50011 /* Build configuration list for PBXNativeTarget "Silkscreen" */;
			buildPhases = (
				B5173DAB19F2726C00B50011 /* Sources */,
				B5173DAC19F2726C00B50011 /* Frameworks */,
				B5173DAD19F2726C00B50011 /* Resources */,
			);
			buildRules = (
			);
			dependencies = (
			);
			name = Silkscreen;
			productName = HexagonPicker;
			productReference = B5173DAF19F2726C00B50011 /* Silkscreen.app */;
			productType = "com.apple.product-type.application";
		};
		B5173DC319F2726C00B50011 /* SilkscreenTests */ = {
			isa = PBXNativeTarget;
			buildConfigurationList = B5173DD119F2726C00B50011 /* Build configuration list for PBXNativeTarget "SilkscreenTests" */;
			buildPhases = (
				B5173DC019F2726C00B50011 /* Sources */,
				B5173DC119F2726C00B50011 /* Frameworks */,
				B5173DC219F2726C00B50011 /* Resources */,
			);
			buildRules = (
			);
			dependencies = (
				B5173DC619F2726C00B50011 /* PBXTargetDependency */,
			);
			name = SilkscreenTests;
			productName = HexagonPickerTests;
			productReference = B5173DC419F2726C00B50011 /* SilkscreenTests.xctest */;
			productType = "com.apple.product-type.bundle.unit-test";
		};
/* End PBXNativeTarget section */

/* Begin PBXProject section */
		B5173DA719F2726C00B50011 /* Project object */ = {
			isa = PBXProject;
			attributes = {
				LastUpgradeCheck = 0600;
				ORGANIZATIONNAME = vaisoft;
				TargetAttributes = {
					B5173DAE19F2726C00B50011 = {
						CreatedOnToolsVersion = 6.0.1;
						DevelopmentTeam = 923C3FE349;
					};
					B5173DC319F2726C00B50011 = {
						CreatedOnToolsVersion = 6.0.1;
						TestTargetID = B5173DAE19F2726C00B50011;
					};
				};
			};
			buildConfigurationList = B5173DAA19F2726C00B50011 /* Build configuration list for PBXProject "Silkscreen" */;
			compatibilityVersion = "Xcode 3.2";
			developmentRegion = English;
			hasScannedForEncodings = 0;
			knownRegions = (
				en,
				Base,
			);
			mainGroup = B5173DA619F2726C00B50011;
			productRefGroup = B5173DB019F2726C00B50011 /* Products */;
			projectDirPath = "";
			projectRoot = "";
			targets = (
				B5173DAE19F2726C00B50011 /* Silkscreen */,
				B5173DC319F2726C00B50011 /* SilkscreenTests */,
			);
		};
/* End PBXProject section */

/* Begin PBXResourcesBuildPhase section */
		B5173DAD19F2726C00B50011 /* Resources */ = {
			isa = PBXResourcesBuildPhase;
			buildActionMask = 2147483647;
			files = (
				B5173DE519F2D30600B50011 /* hexagon_100.png in Resources */,
				B5BA1EF31A038BF600C99A99 /* arrowUp_icon.png in Resources */,
				B51C979919F9357500F286C5 /* audio_b.png in Resources */,
				B5173DBA19F2726C00B50011 /* Main.storyboard in Resources */,
				B5339BE919F97963003B1C88 /* Picture4.jpg in Resources */,
				B51C979A19F9357500F286C5 /* audio_w.png in Resources */,
				B5173DE019F2B0AD00B50011 /* rah.jpg in Resources */,
				B5425D491A0516A2008B5CA0 /* hexagon_100_r.png in Resources */,
				B5425D4B1A057C29008B5CA0 /* hex_48dp.png in Resources */,
				B5173DD919F290CB00B50011 /* user.jpg in Resources */,
				B51C979D19F9357500F286C5 /* video_b.png in Resources */,
				B51C979C19F9357500F286C5 /* email_w.png in Resources */,
				B57DE43419F64F5700F47A00 /* annotation.png in Resources */,
				B5173DE119F2B0AD00B50011 /* ste.jpg in Resources */,
				B5173DD519F2729B00B50011 /* gemeos.jpg in Resources */,
				B5339BEA19F97963003B1C88 /* Picture5.jpg in Resources */,
				B5339BF019F9B8A1003B1C88 /* home_icon.png in Resources */,
				B5339BEB19F97963003B1C88 /* Picture6.jpg in Resources */,
				B51C979E19F9357500F286C5 /* video_w.png in Resources */,
				B5339BEE19F9AFB9003B1C88 /* map_icon.png in Resources */,
				B5173DDE19F2B0AD00B50011 /* ann.jpg in Resources */,
				B5173DDF19F2B0AD00B50011 /* gal.jpg in Resources */,
				B52898E119F7A528000CC9EF /* GoogleMaps.bundle in Resources */,
				B57DE43019F5C16600F47A00 /* Picture3.jpg in Resources */,
				B57DE42F19F5C16600F47A00 /* Picture2.jpg in Resources */,
				B5173DBF19F2726C00B50011 /* LaunchScreen.xib in Resources */,
				B5173DBC19F2726C00B50011 /* Images.xcassets in Resources */,
				B57DE42E19F5C16600F47A00 /* Picture1.jpg in Resources */,
				B51C979B19F9357500F286C5 /* email_b.png in Resources */,
			);
			runOnlyForDeploymentPostprocessing = 0;
		};
		B5173DC219F2726C00B50011 /* Resources */ = {
			isa = PBXResourcesBuildPhase;
			buildActionMask = 2147483647;
			files = (
			);
			runOnlyForDeploymentPostprocessing = 0;
		};
/* End PBXResourcesBuildPhase section */

/* Begin PBXSourcesBuildPhase section */
		B5173DAB19F2726C00B50011 /* Sources */ = {
			isa = PBXSourcesBuildPhase;
			buildActionMask = 2147483647;
			files = (
				B57E9B481A026FB500BCAA35 /* ArtistDetailViewController.swift in Sources */,
				B5339BE519F97644003B1C88 /* ArtFeedViewController.swift in Sources */,
				B5173DD719F2765700B50011 /* HexaButton.swift in Sources */,
				B57E9B581A02BA9700BCAA35 /* Artist.swift in Sources */,
				B504E1E01A09446D00049A5B /* User.swift in Sources */,
				B504E1E31A098C5500049A5B /* UserViewController.swift in Sources */,
				B5339BF419FA66E4003B1C88 /* Art.swift in Sources */,
				B5173DEF19F5790700B50011 /* LoginWebViewController.swift in Sources */,
				B558EB7919FEA49800C98904 /* ArtContentImageView.swift in Sources */,
				B558EB7719FEA04A00C98904 /* UIImage+ImageEffects.m in Sources */,
				B5173DB719F2726C00B50011 /* ArtViewController.swift in Sources */,
				B51856E419FFBC2F009800CE /* ArtShareMenuView.swift in Sources */,
				B5173DB519F2726C00B50011 /* AppDelegate.swift in Sources */,
				B5339BF619FA6B8F003B1C88 /* GMarker.swift in Sources */,
				B51C979119F907CE00F286C5 /* ArtContentView.swift in Sources */,
				B57E9B461A00654B00BCAA35 /* ArtView.swift in Sources */,
				B52898FD19F7A85A000CC9EF /* GMapViewController.swift in Sources */,
			);
			runOnlyForDeploymentPostprocessing = 0;
		};
		B5173DC019F2726C00B50011 /* Sources */ = {
			isa = PBXSourcesBuildPhase;
			buildActionMask = 2147483647;
			files = (
				B5173DCB19F2726C00B50011 /* HexagonPickerTests.swift in Sources */,
			);
			runOnlyForDeploymentPostprocessing = 0;
		};
/* End PBXSourcesBuildPhase section */

/* Begin PBXTargetDependency section */
		B5173DC619F2726C00B50011 /* PBXTargetDependency */ = {
			isa = PBXTargetDependency;
			target = B5173DAE19F2726C00B50011 /* Silkscreen */;
			targetProxy = B5173DC519F2726C00B50011 /* PBXContainerItemProxy */;
		};
/* End PBXTargetDependency section */

/* Begin PBXVariantGroup section */
		B5173DB819F2726C00B50011 /* Main.storyboard */ = {
			isa = PBXVariantGroup;
			children = (
				B5173DB919F2726C00B50011 /* Base */,
			);
			name = Main.storyboard;
			sourceTree = "<group>";
		};
		B5173DBD19F2726C00B50011 /* LaunchScreen.xib */ = {
			isa = PBXVariantGroup;
			children = (
				B5173DBE19F2726C00B50011 /* Base */,
			);
			name = LaunchScreen.xib;
			sourceTree = "<group>";
		};
/* End PBXVariantGroup section */

/* Begin XCBuildConfiguration section */
		B5173DCC19F2726C00B50011 /* Debug */ = {
			isa = XCBuildConfiguration;
			buildSettings = {
				ALWAYS_SEARCH_USER_PATHS = NO;
				CLANG_CXX_LANGUAGE_STANDARD = "gnu++0x";
				CLANG_CXX_LIBRARY = "libc++";
				CLANG_ENABLE_MODULES = YES;
				CLANG_ENABLE_OBJC_ARC = YES;
				CLANG_WARN_BOOL_CONVERSION = YES;
				CLANG_WARN_CONSTANT_CONVERSION = YES;
				CLANG_WARN_DIRECT_OBJC_ISA_USAGE = YES_ERROR;
				CLANG_WARN_EMPTY_BODY = YES;
				CLANG_WARN_ENUM_CONVERSION = YES;
				CLANG_WARN_INT_CONVERSION = YES;
				CLANG_WARN_OBJC_ROOT_CLASS = YES_ERROR;
				CLANG_WARN_UNREACHABLE_CODE = YES;
				CLANG_WARN__DUPLICATE_METHOD_MATCH = YES;
				"CODE_SIGN_IDENTITY[sdk=iphoneos*]" = "iPhone Developer";
				COPY_PHASE_STRIP = NO;
				ENABLE_STRICT_OBJC_MSGSEND = YES;
				GCC_C_LANGUAGE_STANDARD = gnu99;
				GCC_DYNAMIC_NO_PIC = NO;
				GCC_OPTIMIZATION_LEVEL = 0;
				GCC_PREPROCESSOR_DEFINITIONS = (
					"DEBUG=1",
					"$(inherited)",
				);
				GCC_SYMBOLS_PRIVATE_EXTERN = NO;
				GCC_WARN_64_TO_32_BIT_CONVERSION = YES;
				GCC_WARN_ABOUT_RETURN_TYPE = YES_ERROR;
				GCC_WARN_UNDECLARED_SELECTOR = YES;
				GCC_WARN_UNINITIALIZED_AUTOS = YES_AGGRESSIVE;
				GCC_WARN_UNUSED_FUNCTION = YES;
				GCC_WARN_UNUSED_VARIABLE = YES;
				IPHONEOS_DEPLOYMENT_TARGET = 8.0;
				MTL_ENABLE_DEBUG_INFO = YES;
				ONLY_ACTIVE_ARCH = YES;
				OTHER_LDFLAGS = "-ObjC";
				SDKROOT = iphoneos;
				SWIFT_OPTIMIZATION_LEVEL = "-Onone";
				TARGETED_DEVICE_FAMILY = "1,2";
			};
			name = Debug;
		};
		B5173DCD19F2726C00B50011 /* Release */ = {
			isa = XCBuildConfiguration;
			buildSettings = {
				ALWAYS_SEARCH_USER_PATHS = NO;
				CLANG_CXX_LANGUAGE_STANDARD = "gnu++0x";
				CLANG_CXX_LIBRARY = "libc++";
				CLANG_ENABLE_MODULES = YES;
				CLANG_ENABLE_OBJC_ARC = YES;
				CLANG_WARN_BOOL_CONVERSION = YES;
				CLANG_WARN_CONSTANT_CONVERSION = YES;
				CLANG_WARN_DIRECT_OBJC_ISA_USAGE = YES_ERROR;
				CLANG_WARN_EMPTY_BODY = YES;
				CLANG_WARN_ENUM_CONVERSION = YES;
				CLANG_WARN_INT_CONVERSION = YES;
				CLANG_WARN_OBJC_ROOT_CLASS = YES_ERROR;
				CLANG_WARN_UNREACHABLE_CODE = YES;
				CLANG_WARN__DUPLICATE_METHOD_MATCH = YES;
				"CODE_SIGN_IDENTITY[sdk=iphoneos*]" = "iPhone Developer";
				COPY_PHASE_STRIP = YES;
				ENABLE_NS_ASSERTIONS = NO;
				ENABLE_STRICT_OBJC_MSGSEND = YES;
				GCC_C_LANGUAGE_STANDARD = gnu99;
				GCC_WARN_64_TO_32_BIT_CONVERSION = YES;
				GCC_WARN_ABOUT_RETURN_TYPE = YES_ERROR;
				GCC_WARN_UNDECLARED_SELECTOR = YES;
				GCC_WARN_UNINITIALIZED_AUTOS = YES_AGGRESSIVE;
				GCC_WARN_UNUSED_FUNCTION = YES;
				GCC_WARN_UNUSED_VARIABLE = YES;
				IPHONEOS_DEPLOYMENT_TARGET = 8.0;
				MTL_ENABLE_DEBUG_INFO = NO;
				OTHER_LDFLAGS = "-ObjC";
				SDKROOT = iphoneos;
				TARGETED_DEVICE_FAMILY = "1,2";
				VALIDATE_PRODUCT = YES;
			};
			name = Release;
		};
		B5173DCF19F2726C00B50011 /* Debug */ = {
			isa = XCBuildConfiguration;
			buildSettings = {
				ASSETCATALOG_COMPILER_APPICON_NAME = AppIcon;
				ASSETCATALOG_COMPILER_LAUNCHIMAGE_NAME = LaunchImage;
				CLANG_ENABLE_MODULES = YES;
				CODE_SIGN_IDENTITY = "iPhone Developer";
				FRAMEWORK_SEARCH_PATHS = (
					"$(inherited)",
					"$(PROJECT_DIR)",
				);
				INFOPLIST_FILE = HexagonPicker/Info.plist;
				IPHONEOS_DEPLOYMENT_TARGET = 7.0;
				LD_RUNPATH_SEARCH_PATHS = "$(inherited) @executable_path/Frameworks";
				PRODUCT_NAME = Silkscreen;
				SWIFT_OBJC_BRIDGING_HEADER = "HexagonPicker-Bridging-Header.h";
				SWIFT_OPTIMIZATION_LEVEL = "-Onone";
				TARGETED_DEVICE_FAMILY = "1,2";
			};
			name = Debug;
		};
		B5173DD019F2726C00B50011 /* Release */ = {
			isa = XCBuildConfiguration;
			buildSettings = {
				ASSETCATALOG_COMPILER_APPICON_NAME = AppIcon;
				ASSETCATALOG_COMPILER_LAUNCHIMAGE_NAME = LaunchImage;
				CLANG_ENABLE_MODULES = YES;
				CODE_SIGN_IDENTITY = "iPhone Developer";
				FRAMEWORK_SEARCH_PATHS = (
					"$(inherited)",
					"$(PROJECT_DIR)",
				);
				INFOPLIST_FILE = HexagonPicker/Info.plist;
				IPHONEOS_DEPLOYMENT_TARGET = 7.0;
				LD_RUNPATH_SEARCH_PATHS = "$(inherited) @executable_path/Frameworks";
				PRODUCT_NAME = Silkscreen;
				SWIFT_OBJC_BRIDGING_HEADER = "HexagonPicker-Bridging-Header.h";
				TARGETED_DEVICE_FAMILY = "1,2";
			};
			name = Release;
		};
		B5173DD219F2726C00B50011 /* Debug */ = {
			isa = XCBuildConfiguration;
			buildSettings = {
				BUNDLE_LOADER = "$(TEST_HOST)";
				FRAMEWORK_SEARCH_PATHS = (
					"$(SDKROOT)/Developer/Library/Frameworks",
					"$(inherited)",
				);
				GCC_PREPROCESSOR_DEFINITIONS = (
					"DEBUG=1",
					"$(inherited)",
				);
				INFOPLIST_FILE = HexagonPickerTests/Info.plist;
				LD_RUNPATH_SEARCH_PATHS = "$(inherited) @executable_path/Frameworks @loader_path/Frameworks";
				PRODUCT_NAME = SilkscreenTests;
				TEST_HOST = "$(BUILT_PRODUCTS_DIR)/$(PROJECT_NAME).app/$(PROJECT_NAME)";
			};
			name = Debug;
		};
		B5173DD319F2726C00B50011 /* Release */ = {
			isa = XCBuildConfiguration;
			buildSettings = {
				BUNDLE_LOADER = "$(TEST_HOST)";
				FRAMEWORK_SEARCH_PATHS = (
					"$(SDKROOT)/Developer/Library/Frameworks",
					"$(inherited)",
				);
				INFOPLIST_FILE = HexagonPickerTests/Info.plist;
				LD_RUNPATH_SEARCH_PATHS = "$(inherited) @executable_path/Frameworks @loader_path/Frameworks";
				PRODUCT_NAME = SilkscreenTests;
				TEST_HOST = "$(BUILT_PRODUCTS_DIR)/$(PROJECT_NAME).app/$(PROJECT_NAME)";
			};
			name = Release;
		};
/* End XCBuildConfiguration section */

/* Begin XCConfigurationList section */
		B5173DAA19F2726C00B50011 /* Build configuration list for PBXProject "Silkscreen" */ = {
			isa = XCConfigurationList;
			buildConfigurations = (
				B5173DCC19F2726C00B50011 /* Debug */,
				B5173DCD19F2726C00B50011 /* Release */,
			);
			defaultConfigurationIsVisible = 0;
			defaultConfigurationName = Release;
		};
		B5173DCE19F2726C00B50011 /* Build configuration list for PBXNativeTarget "Silkscreen" */ = {
			isa = XCConfigurationList;
			buildConfigurations = (
				B5173DCF19F2726C00B50011 /* Debug */,
				B5173DD019F2726C00B50011 /* Release */,
			);
			defaultConfigurationIsVisible = 0;
			defaultConfigurationName = Release;
		};
		B5173DD119F2726C00B50011 /* Build configuration list for PBXNativeTarget "SilkscreenTests" */ = {
			isa = XCConfigurationList;
			buildConfigurations = (
				B5173DD219F2726C00B50011 /* Debug */,
				B5173DD319F2726C00B50011 /* Release */,
			);
			defaultConfigurationIsVisible = 0;
			defaultConfigurationName = Release;
		};
/* End XCConfigurationList section */
	};
	rootObject = B5173DA719F2726C00B50011 /* Project object */;
}
